
Microsoft Visual Studio Solution File, Format Version 12.00
# Visual Studio 15
VisualStudioVersion = 15.0.27703.2042
MinimumVisualStudioVersion = 10.0.40219.1
Project("{FAE04EC0-301F-11D3-BF4B-00C04F79EFBC}") = "WinFormHello", "WinFormHello\WinFormHello.csproj", "{FA4019B2-9A88-420C-9F7D-CBD6E46C7C4E}"
EndProject
Global
	GlobalSection(SolutionConfigurationPlatforms) = preSolution
		Debug|Any CPU = Debug|Any CPU
		Release|Any CPU = Release|Any CPU
	EndGlobalSection
	GlobalSection(ProjectConfigurationPlatforms) = postSolution
		{FA4019B2-9A88-420C-9F7D-CBD6E46C7C4E}.Debug|Any CPU.ActiveCfg = Debug|Any CPU
		{FA4019B2-9A88-420C-9F7D-CBD6E46C7C4E}.Debug|Any CPU.Build.0 = Debug|Any CPU
		{FA4019B2-9A88-420C-9F7D-CBD6E46C7C4E}.Release|Any CPU.ActiveCfg = Release|Any CPU
		{FA4019B2-9A88-420C-9F7D-CBD6E46C7C4E}.Release|Any CPU.Build.0 = Release|Any CPU
	EndGlobalSection
	GlobalSection(SolutionProperties) = preSolution
		HideSolutionNode = FALSE
	EndGlobalSection
	GlobalSection(ExtensibilityGlobals) = postSolution
		SolutionGuid = {809AE241-4D4F-474C-BE9C-D28E0E04192E}
	EndGlobalSection
EndGlobal
