
Microsoft Visual Studio Solution File, Format Version 12.00
# Visual Studio 15
VisualStudioVersion = 15.0.27703.2042
MinimumVisualStudioVersion = 10.0.40219.1
Project("{FAE04EC0-301F-11D3-BF4B-00C04F79EFBC}") = "comboboxfill", "comboboxfill\comboboxfill.csproj", "{A06B226F-748D-446F-A746-376A42F0CCAC}"
EndProject
Global
	GlobalSection(SolutionConfigurationPlatforms) = preSolution
		Debug|Any CPU = Debug|Any CPU
		Release|Any CPU = Release|Any CPU
	EndGlobalSection
	GlobalSection(ProjectConfigurationPlatforms) = postSolution
		{A06B226F-748D-446F-A746-376A42F0CCAC}.Debug|Any CPU.ActiveCfg = Debug|Any CPU
		{A06B226F-748D-446F-A746-376A42F0CCAC}.Debug|Any CPU.Build.0 = Debug|Any CPU
		{A06B226F-748D-446F-A746-376A42F0CCAC}.Release|Any CPU.ActiveCfg = Release|Any CPU
		{A06B226F-748D-446F-A746-376A42F0CCAC}.Release|Any CPU.Build.0 = Release|Any CPU
	EndGlobalSection
	GlobalSection(SolutionProperties) = preSolution
		HideSolutionNode = FALSE
	EndGlobalSection
	GlobalSection(ExtensibilityGlobals) = postSolution
		SolutionGuid = {845D271B-18A2-43A9-8491-B54924FC0B7C}
	EndGlobalSection
EndGlobal
