
Microsoft Visual Studio Solution File, Format Version 12.00
# Visual Studio 15
VisualStudioVersion = 15.0.27703.2042
MinimumVisualStudioVersion = 10.0.40219.1
Project("{FAE04EC0-301F-11D3-BF4B-00C04F79EFBC}") = "lesson8", "lesson8\lesson8.csproj", "{1DF773A9-198F-4C67-B04A-C353C70118EB}"
EndProject
Global
	GlobalSection(SolutionConfigurationPlatforms) = preSolution
		Debug|Any CPU = Debug|Any CPU
		Release|Any CPU = Release|Any CPU
	EndGlobalSection
	GlobalSection(ProjectConfigurationPlatforms) = postSolution
		{1DF773A9-198F-4C67-B04A-C353C70118EB}.Debug|Any CPU.ActiveCfg = Debug|Any CPU
		{1DF773A9-198F-4C67-B04A-C353C70118EB}.Debug|Any CPU.Build.0 = Debug|Any CPU
		{1DF773A9-198F-4C67-B04A-C353C70118EB}.Release|Any CPU.ActiveCfg = Release|Any CPU
		{1DF773A9-198F-4C67-B04A-C353C70118EB}.Release|Any CPU.Build.0 = Release|Any CPU
	EndGlobalSection
	GlobalSection(SolutionProperties) = preSolution
		HideSolutionNode = FALSE
	EndGlobalSection
	GlobalSection(ExtensibilityGlobals) = postSolution
		SolutionGuid = {ABBD24B7-9B73-4126-B4DB-D7881F2EE276}
	EndGlobalSection
EndGlobal
