
Microsoft Visual Studio Solution File, Format Version 12.00
# Visual Studio 15
VisualStudioVersion = 15.0.27703.2042
MinimumVisualStudioVersion = 10.0.40219.1
Project("{FAE04EC0-301F-11D3-BF4B-00C04F79EFBC}") = "lecture_18_2", "lecture_18_2\lecture_18_2.csproj", "{665011B3-711A-4FE3-A5A6-E5FA2A78A8B7}"
EndProject
Global
	GlobalSection(SolutionConfigurationPlatforms) = preSolution
		Debug|Any CPU = Debug|Any CPU
		Release|Any CPU = Release|Any CPU
	EndGlobalSection
	GlobalSection(ProjectConfigurationPlatforms) = postSolution
		{665011B3-711A-4FE3-A5A6-E5FA2A78A8B7}.Debug|Any CPU.ActiveCfg = Debug|Any CPU
		{665011B3-711A-4FE3-A5A6-E5FA2A78A8B7}.Debug|Any CPU.Build.0 = Debug|Any CPU
		{665011B3-711A-4FE3-A5A6-E5FA2A78A8B7}.Release|Any CPU.ActiveCfg = Release|Any CPU
		{665011B3-711A-4FE3-A5A6-E5FA2A78A8B7}.Release|Any CPU.Build.0 = Release|Any CPU
	EndGlobalSection
	GlobalSection(SolutionProperties) = preSolution
		HideSolutionNode = FALSE
	EndGlobalSection
	GlobalSection(ExtensibilityGlobals) = postSolution
		SolutionGuid = {8BA5CCF7-8B9A-42B3-82C6-91881C8193C0}
	EndGlobalSection
EndGlobal
