
Microsoft Visual Studio Solution File, Format Version 12.00
# Visual Studio 15
VisualStudioVersion = 15.0.27703.2042
MinimumVisualStudioVersion = 10.0.40219.1
Project("{FAE04EC0-301F-11D3-BF4B-00C04F79EFBC}") = "Login", "Login\Login.csproj", "{98872783-3A9D-4BE5-B502-DE113422E53D}"
EndProject
Global
	GlobalSection(SolutionConfigurationPlatforms) = preSolution
		Debug|Any CPU = Debug|Any CPU
		Release|Any CPU = Release|Any CPU
	EndGlobalSection
	GlobalSection(ProjectConfigurationPlatforms) = postSolution
		{98872783-3A9D-4BE5-B502-DE113422E53D}.Debug|Any CPU.ActiveCfg = Debug|Any CPU
		{98872783-3A9D-4BE5-B502-DE113422E53D}.Debug|Any CPU.Build.0 = Debug|Any CPU
		{98872783-3A9D-4BE5-B502-DE113422E53D}.Release|Any CPU.ActiveCfg = Release|Any CPU
		{98872783-3A9D-4BE5-B502-DE113422E53D}.Release|Any CPU.Build.0 = Release|Any CPU
	EndGlobalSection
	GlobalSection(SolutionProperties) = preSolution
		HideSolutionNode = FALSE
	EndGlobalSection
	GlobalSection(ExtensibilityGlobals) = postSolution
		SolutionGuid = {A2A559B1-B16D-44D3-9506-E60D872F54B7}
	EndGlobalSection
EndGlobal
