
Microsoft Visual Studio Solution File, Format Version 12.00
# Visual Studio 15
VisualStudioVersion = 15.0.28307.489
MinimumVisualStudioVersion = 10.0.40219.1
Project("{FAE04EC0-301F-11D3-BF4B-00C04F79EFBC}") = "HelloWorld.Android", "HelloWorld\HelloWorld.Android\HelloWorld.Android.csproj", "{90691261-F172-4BD6-86C5-8790E1114948}"
EndProject
Project("{FAE04EC0-301F-11D3-BF4B-00C04F79EFBC}") = "HelloWorld.iOS", "HelloWorld\HelloWorld.iOS\HelloWorld.iOS.csproj", "{FBCBD562-C2B3-4150-BFAE-713E16D05061}"
EndProject
Project("{FAE04EC0-301F-11D3-BF4B-00C04F79EFBC}") = "HelloWorld", "HelloWorld\HelloWorld\HelloWorld.csproj", "{CD74636F-362C-4ECA-A5EA-558206769848}"
EndProject
Global
	GlobalSection(SolutionConfigurationPlatforms) = preSolution
		Ad-Hoc|Any CPU = Ad-Hoc|Any CPU
		Ad-Hoc|iPhone = Ad-Hoc|iPhone
		Ad-Hoc|iPhoneSimulator = Ad-Hoc|iPhoneSimulator
		AppStore|Any CPU = AppStore|Any CPU
		AppStore|iPhone = AppStore|iPhone
		AppStore|iPhoneSimulator = AppStore|iPhoneSimulator
		Debug|Any CPU = Debug|Any CPU
		Debug|iPhone = Debug|iPhone
		Debug|iPhoneSimulator = Debug|iPhoneSimulator
		Release|Any CPU = Release|Any CPU
		Release|iPhone = Release|iPhone
		Release|iPhoneSimulator = Release|iPhoneSimulator
	EndGlobalSection
	GlobalSection(ProjectConfigurationPlatforms) = postSolution
		{90691261-F172-4BD6-86C5-8790E1114948}.Ad-Hoc|Any CPU.ActiveCfg = Release|Any CPU
		{90691261-F172-4BD6-86C5-8790E1114948}.Ad-Hoc|Any CPU.Build.0 = Release|Any CPU
		{90691261-F172-4BD6-86C5-8790E1114948}.Ad-Hoc|Any CPU.Deploy.0 = Release|Any CPU
		{90691261-F172-4BD6-86C5-8790E1114948}.Ad-Hoc|iPhone.ActiveCfg = Release|Any CPU
		{90691261-F172-4BD6-86C5-8790E1114948}.Ad-Hoc|iPhone.Build.0 = Release|Any CPU
		{90691261-F172-4BD6-86C5-8790E1114948}.Ad-Hoc|iPhone.Deploy.0 = Release|Any CPU
		{90691261-F172-4BD6-86C5-8790E1114948}.Ad-Hoc|iPhoneSimulator.ActiveCfg = Release|Any CPU
		{90691261-F172-4BD6-86C5-8790E1114948}.Ad-Hoc|iPhoneSimulator.Build.0 = Release|Any CPU
		{90691261-F172-4BD6-86C5-8790E1114948}.Ad-Hoc|iPhoneSimulator.Deploy.0 = Release|Any CPU
		{90691261-F172-4BD6-86C5-8790E1114948}.AppStore|Any CPU.ActiveCfg = Release|Any CPU
		{90691261-F172-4BD6-86C5-8790E1114948}.AppStore|Any CPU.Build.0 = Release|Any CPU
		{90691261-F172-4BD6-86C5-8790E1114948}.AppStore|Any CPU.Deploy.0 = Release|Any CPU
		{90691261-F172-4BD6-86C5-8790E1114948}.AppStore|iPhone.ActiveCfg = Release|Any CPU
		{90691261-F172-4BD6-86C5-8790E1114948}.AppStore|iPhone.Build.0 = Release|Any CPU
		{90691261-F172-4BD6-86C5-8790E1114948}.AppStore|iPhone.Deploy.0 = Release|Any CPU
		{90691261-F172-4BD6-86C5-8790E1114948}.AppStore|iPhoneSimulator.ActiveCfg = Release|Any CPU
		{90691261-F172-4BD6-86C5-8790E1114948}.AppStore|iPhoneSimulator.Build.0 = Release|Any CPU
		{90691261-F172-4BD6-86C5-8790E1114948}.AppStore|iPhoneSimulator.Deploy.0 = Release|Any CPU
		{90691261-F172-4BD6-86C5-8790E1114948}.Debug|Any CPU.ActiveCfg = Debug|Any CPU
		{90691261-F172-4BD6-86C5-8790E1114948}.Debug|Any CPU.Build.0 = Debug|Any CPU
		{90691261-F172-4BD6-86C5-8790E1114948}.Debug|Any CPU.Deploy.0 = Debug|Any CPU
		{90691261-F172-4BD6-86C5-8790E1114948}.Debug|iPhone.ActiveCfg = Debug|Any CPU
		{90691261-F172-4BD6-86C5-8790E1114948}.Debug|iPhone.Build.0 = Debug|Any CPU
		{90691261-F172-4BD6-86C5-8790E1114948}.Debug|iPhone.Deploy.0 = Debug|Any CPU
		{90691261-F172-4BD6-86C5-8790E1114948}.Debug|iPhoneSimulator.ActiveCfg = Debug|Any CPU
		{90691261-F172-4BD6-86C5-8790E1114948}.Debug|iPhoneSimulator.Build.0 = Debug|Any CPU
		{90691261-F172-4BD6-86C5-8790E1114948}.Debug|iPhoneSimulator.Deploy.0 = Debug|Any CPU
		{90691261-F172-4BD6-86C5-8790E1114948}.Release|Any CPU.ActiveCfg = Release|Any CPU
		{90691261-F172-4BD6-86C5-8790E1114948}.Release|Any CPU.Build.0 = Release|Any CPU
		{90691261-F172-4BD6-86C5-8790E1114948}.Release|Any CPU.Deploy.0 = Release|Any CPU
		{90691261-F172-4BD6-86C5-8790E1114948}.Release|iPhone.ActiveCfg = Release|Any CPU
		{90691261-F172-4BD6-86C5-8790E1114948}.Release|iPhone.Build.0 = Release|Any CPU
		{90691261-F172-4BD6-86C5-8790E1114948}.Release|iPhone.Deploy.0 = Release|Any CPU
		{90691261-F172-4BD6-86C5-8790E1114948}.Release|iPhoneSimulator.ActiveCfg = Release|Any CPU
		{90691261-F172-4BD6-86C5-8790E1114948}.Release|iPhoneSimulator.Build.0 = Release|Any CPU
		{90691261-F172-4BD6-86C5-8790E1114948}.Release|iPhoneSimulator.Deploy.0 = Release|Any CPU
		{FBCBD562-C2B3-4150-BFAE-713E16D05061}.Ad-Hoc|Any CPU.ActiveCfg = Ad-Hoc|iPhone
		{FBCBD562-C2B3-4150-BFAE-713E16D05061}.Ad-Hoc|Any CPU.Build.0 = Ad-Hoc|iPhone
		{FBCBD562-C2B3-4150-BFAE-713E16D05061}.Ad-Hoc|Any CPU.Deploy.0 = Ad-Hoc|iPhone
		{FBCBD562-C2B3-4150-BFAE-713E16D05061}.Ad-Hoc|iPhone.ActiveCfg = Ad-Hoc|iPhone
		{FBCBD562-C2B3-4150-BFAE-713E16D05061}.Ad-Hoc|iPhone.Build.0 = Ad-Hoc|iPhone
		{FBCBD562-C2B3-4150-BFAE-713E16D05061}.Ad-Hoc|iPhone.Deploy.0 = Ad-Hoc|iPhone
		{FBCBD562-C2B3-4150-BFAE-713E16D05061}.Ad-Hoc|iPhoneSimulator.ActiveCfg = Ad-Hoc|iPhoneSimulator
		{FBCBD562-C2B3-4150-BFAE-713E16D05061}.Ad-Hoc|iPhoneSimulator.Build.0 = Ad-Hoc|iPhoneSimulator
		{FBCBD562-C2B3-4150-BFAE-713E16D05061}.Ad-Hoc|iPhoneSimulator.Deploy.0 = Ad-Hoc|iPhoneSimulator
		{FBCBD562-C2B3-4150-BFAE-713E16D05061}.AppStore|Any CPU.ActiveCfg = AppStore|iPhone
		{FBCBD562-C2B3-4150-BFAE-713E16D05061}.AppStore|Any CPU.Build.0 = AppStore|iPhone
		{FBCBD562-C2B3-4150-BFAE-713E16D05061}.AppStore|Any CPU.Deploy.0 = AppStore|iPhone
		{FBCBD562-C2B3-4150-BFAE-713E16D05061}.AppStore|iPhone.ActiveCfg = AppStore|iPhone
		{FBCBD562-C2B3-4150-BFAE-713E16D05061}.AppStore|iPhone.Build.0 = AppStore|iPhone
		{FBCBD562-C2B3-4150-BFAE-713E16D05061}.AppStore|iPhone.Deploy.0 = AppStore|iPhone
		{FBCBD562-C2B3-4150-BFAE-713E16D05061}.AppStore|iPhoneSimulator.ActiveCfg = AppStore|iPhoneSimulator
		{FBCBD562-C2B3-4150-BFAE-713E16D05061}.AppStore|iPhoneSimulator.Build.0 = AppStore|iPhoneSimulator
		{FBCBD562-C2B3-4150-BFAE-713E16D05061}.AppStore|iPhoneSimulator.Deploy.0 = AppStore|iPhoneSimulator
		{FBCBD562-C2B3-4150-BFAE-713E16D05061}.Debug|Any CPU.ActiveCfg = Debug|iPhoneSimulator
		{FBCBD562-C2B3-4150-BFAE-713E16D05061}.Debug|Any CPU.Build.0 = Debug|iPhoneSimulator
		{FBCBD562-C2B3-4150-BFAE-713E16D05061}.Debug|Any CPU.Deploy.0 = Debug|iPhoneSimulator
		{FBCBD562-C2B3-4150-BFAE-713E16D05061}.Debug|iPhone.ActiveCfg = Debug|iPhone
		{FBCBD562-C2B3-4150-BFAE-713E16D05061}.Debug|iPhone.Build.0 = Debug|iPhone
		{FBCBD562-C2B3-4150-BFAE-713E16D05061}.Debug|iPhone.Deploy.0 = Debug|iPhone
		{FBCBD562-C2B3-4150-BFAE-713E16D05061}.Debug|iPhoneSimulator.ActiveCfg = Debug|iPhoneSimulator
		{FBCBD562-C2B3-4150-BFAE-713E16D05061}.Debug|iPhoneSimulator.Build.0 = Debug|iPhoneSimulator
		{FBCBD562-C2B3-4150-BFAE-713E16D05061}.Debug|iPhoneSimulator.Deploy.0 = Debug|iPhoneSimulator
		{FBCBD562-C2B3-4150-BFAE-713E16D05061}.Release|Any CPU.ActiveCfg = Release|iPhone
		{FBCBD562-C2B3-4150-BFAE-713E16D05061}.Release|Any CPU.Build.0 = Release|iPhone
		{FBCBD562-C2B3-4150-BFAE-713E16D05061}.Release|Any CPU.Deploy.0 = Release|iPhone
		{FBCBD562-C2B3-4150-BFAE-713E16D05061}.Release|iPhone.ActiveCfg = Release|iPhone
		{FBCBD562-C2B3-4150-BFAE-713E16D05061}.Release|iPhone.Build.0 = Release|iPhone
		{FBCBD562-C2B3-4150-BFAE-713E16D05061}.Release|iPhone.Deploy.0 = Release|iPhone
		{FBCBD562-C2B3-4150-BFAE-713E16D05061}.Release|iPhoneSimulator.ActiveCfg = Release|iPhoneSimulator
		{FBCBD562-C2B3-4150-BFAE-713E16D05061}.Release|iPhoneSimulator.Build.0 = Release|iPhoneSimulator
		{FBCBD562-C2B3-4150-BFAE-713E16D05061}.Release|iPhoneSimulator.Deploy.0 = Release|iPhoneSimulator
		{CD74636F-362C-4ECA-A5EA-558206769848}.Ad-Hoc|Any CPU.ActiveCfg = Debug|Any CPU
		{CD74636F-362C-4ECA-A5EA-558206769848}.Ad-Hoc|Any CPU.Build.0 = Debug|Any CPU
		{CD74636F-362C-4ECA-A5EA-558206769848}.Ad-Hoc|Any CPU.Deploy.0 = Debug|Any CPU
		{CD74636F-362C-4ECA-A5EA-558206769848}.Ad-Hoc|iPhone.ActiveCfg = Debug|Any CPU
		{CD74636F-362C-4ECA-A5EA-558206769848}.Ad-Hoc|iPhone.Build.0 = Debug|Any CPU
		{CD74636F-362C-4ECA-A5EA-558206769848}.Ad-Hoc|iPhone.Deploy.0 = Debug|Any CPU
		{CD74636F-362C-4ECA-A5EA-558206769848}.Ad-Hoc|iPhoneSimulator.ActiveCfg = Debug|Any CPU
		{CD74636F-362C-4ECA-A5EA-558206769848}.Ad-Hoc|iPhoneSimulator.Build.0 = Debug|Any CPU
		{CD74636F-362C-4ECA-A5EA-558206769848}.Ad-Hoc|iPhoneSimulator.Deploy.0 = Debug|Any CPU
		{CD74636F-362C-4ECA-A5EA-558206769848}.AppStore|Any CPU.ActiveCfg = Debug|Any CPU
		{CD74636F-362C-4ECA-A5EA-558206769848}.AppStore|Any CPU.Build.0 = Debug|Any CPU
		{CD74636F-362C-4ECA-A5EA-558206769848}.AppStore|Any CPU.Deploy.0 = Debug|Any CPU
		{CD74636F-362C-4ECA-A5EA-558206769848}.AppStore|iPhone.ActiveCfg = Debug|Any CPU
		{CD74636F-362C-4ECA-A5EA-558206769848}.AppStore|iPhone.Build.0 = Debug|Any CPU
		{CD74636F-362C-4ECA-A5EA-558206769848}.AppStore|iPhone.Deploy.0 = Debug|Any CPU
		{CD74636F-362C-4ECA-A5EA-558206769848}.AppStore|iPhoneSimulator.ActiveCfg = Debug|Any CPU
		{CD74636F-362C-4ECA-A5EA-558206769848}.AppStore|iPhoneSimulator.Build.0 = Debug|Any CPU
		{CD74636F-362C-4ECA-A5EA-558206769848}.AppStore|iPhoneSimulator.Deploy.0 = Debug|Any CPU
		{CD74636F-362C-4ECA-A5EA-558206769848}.Debug|Any CPU.ActiveCfg = Debug|Any CPU
		{CD74636F-362C-4ECA-A5EA-558206769848}.Debug|Any CPU.Build.0 = Debug|Any CPU
		{CD74636F-362C-4ECA-A5EA-558206769848}.Debug|Any CPU.Deploy.0 = Debug|Any CPU
		{CD74636F-362C-4ECA-A5EA-558206769848}.Debug|iPhone.ActiveCfg = Debug|Any CPU
		{CD74636F-362C-4ECA-A5EA-558206769848}.Debug|iPhone.Build.0 = Debug|Any CPU
		{CD74636F-362C-4ECA-A5EA-558206769848}.Debug|iPhone.Deploy.0 = Debug|Any CPU
		{CD74636F-362C-4ECA-A5EA-558206769848}.Debug|iPhoneSimulator.ActiveCfg = Debug|Any CPU
		{CD74636F-362C-4ECA-A5EA-558206769848}.Debug|iPhoneSimulator.Build.0 = Debug|Any CPU
		{CD74636F-362C-4ECA-A5EA-558206769848}.Debug|iPhoneSimulator.Deploy.0 = Debug|Any CPU
		{CD74636F-362C-4ECA-A5EA-558206769848}.Release|Any CPU.ActiveCfg = Release|Any CPU
		{CD74636F-362C-4ECA-A5EA-558206769848}.Release|Any CPU.Build.0 = Release|Any CPU
		{CD74636F-362C-4ECA-A5EA-558206769848}.Release|Any CPU.Deploy.0 = Release|Any CPU
		{CD74636F-362C-4ECA-A5EA-558206769848}.Release|iPhone.ActiveCfg = Release|Any CPU
		{CD74636F-362C-4ECA-A5EA-558206769848}.Release|iPhone.Build.0 = Release|Any CPU
		{CD74636F-362C-4ECA-A5EA-558206769848}.Release|iPhone.Deploy.0 = Release|Any CPU
		{CD74636F-362C-4ECA-A5EA-558206769848}.Release|iPhoneSimulator.ActiveCfg = Release|Any CPU
		{CD74636F-362C-4ECA-A5EA-558206769848}.Release|iPhoneSimulator.Build.0 = Release|Any CPU
		{CD74636F-362C-4ECA-A5EA-558206769848}.Release|iPhoneSimulator.Deploy.0 = Release|Any CPU
	EndGlobalSection
	GlobalSection(SolutionProperties) = preSolution
		HideSolutionNode = FALSE
	EndGlobalSection
	GlobalSection(ExtensibilityGlobals) = postSolution
		SolutionGuid = {055BD1AD-41EA-48F6-93DD-E01809A1F157}
	EndGlobalSection
EndGlobal
