
Microsoft Visual Studio Solution File, Format Version 12.00
# Visual Studio 15
VisualStudioVersion = 15.0.28307.329
MinimumVisualStudioVersion = 10.0.40219.1
Project("{FAE04EC0-301F-11D3-BF4B-00C04F79EFBC}") = "FitnessApp1", "FitnessApp1\FitnessApp1\FitnessApp1.csproj", "{359B156D-FE66-47E6-AB13-1BD5B819F6A0}"
EndProject
Project("{FAE04EC0-301F-11D3-BF4B-00C04F79EFBC}") = "FitnessApp1.Tizen", "FitnessApp1\FitnessApp1.Tizen\FitnessApp1.Tizen.csproj", "{5E011017-3A39-4305-9942-D9980A19DEC5}"
EndProject
Project("{FAE04EC0-301F-11D3-BF4B-00C04F79EFBC}") = "FitnessApp1.WebService", "FitnessApp1\FitnessApp1.WebService\FitnessApp1.WebService.csproj", "{23D60744-A5B3-46EF-A7B6-B8B87DE661CE}"
EndProject
Project("{FAE04EC0-301F-11D3-BF4B-00C04F79EFBC}") = "FitnessApp1.WPF", "FitnessApp1\FitnessApp1.WPF\FitnessApp1.WPF.csproj", "{5F277577-D850-4911-A6A4-91393870B010}"
EndProject
Global
	GlobalSection(SolutionConfigurationPlatforms) = preSolution
		Debug|Any CPU = Debug|Any CPU
		Release|Any CPU = Release|Any CPU
	EndGlobalSection
	GlobalSection(ProjectConfigurationPlatforms) = postSolution
		{359B156D-FE66-47E6-AB13-1BD5B819F6A0}.Debug|Any CPU.ActiveCfg = Debug|Any CPU
		{359B156D-FE66-47E6-AB13-1BD5B819F6A0}.Debug|Any CPU.Build.0 = Debug|Any CPU
		{359B156D-FE66-47E6-AB13-1BD5B819F6A0}.Release|Any CPU.ActiveCfg = Release|Any CPU
		{359B156D-FE66-47E6-AB13-1BD5B819F6A0}.Release|Any CPU.Build.0 = Release|Any CPU
		{5E011017-3A39-4305-9942-D9980A19DEC5}.Debug|Any CPU.ActiveCfg = Debug|Any CPU
		{5E011017-3A39-4305-9942-D9980A19DEC5}.Debug|Any CPU.Build.0 = Debug|Any CPU
		{5E011017-3A39-4305-9942-D9980A19DEC5}.Release|Any CPU.ActiveCfg = Release|Any CPU
		{5E011017-3A39-4305-9942-D9980A19DEC5}.Release|Any CPU.Build.0 = Release|Any CPU
		{23D60744-A5B3-46EF-A7B6-B8B87DE661CE}.Debug|Any CPU.ActiveCfg = Debug|Any CPU
		{23D60744-A5B3-46EF-A7B6-B8B87DE661CE}.Debug|Any CPU.Build.0 = Debug|Any CPU
		{23D60744-A5B3-46EF-A7B6-B8B87DE661CE}.Release|Any CPU.ActiveCfg = Release|Any CPU
		{23D60744-A5B3-46EF-A7B6-B8B87DE661CE}.Release|Any CPU.Build.0 = Release|Any CPU
		{5F277577-D850-4911-A6A4-91393870B010}.Debug|Any CPU.ActiveCfg = Debug|Any CPU
		{5F277577-D850-4911-A6A4-91393870B010}.Debug|Any CPU.Build.0 = Debug|Any CPU
		{5F277577-D850-4911-A6A4-91393870B010}.Release|Any CPU.ActiveCfg = Release|Any CPU
		{5F277577-D850-4911-A6A4-91393870B010}.Release|Any CPU.Build.0 = Release|Any CPU
	EndGlobalSection
	GlobalSection(SolutionProperties) = preSolution
		HideSolutionNode = FALSE
	EndGlobalSection
	GlobalSection(ExtensibilityGlobals) = postSolution
		SolutionGuid = {0A54686B-1683-476D-A951-7F370239A8B1}
	EndGlobalSection
EndGlobal
