
Microsoft Visual Studio Solution File, Format Version 12.00
# Visual Studio 15
VisualStudioVersion = 15.0.28307.489
MinimumVisualStudioVersion = 10.0.40219.1
Project("{FAE04EC0-301F-11D3-BF4B-00C04F79EFBC}") = "FitnessApp2", "FitnessApp2\FitnessApp2\FitnessApp2.csproj", "{8B0E051D-CBAB-49D3-B876-9C5602AACECA}"
EndProject
Project("{FAE04EC0-301F-11D3-BF4B-00C04F79EFBC}") = "FitnessApp2.Android", "FitnessApp2\FitnessApp2.Android\FitnessApp2.Android.csproj", "{11815B2D-95A5-4BD7-AC7A-BF6AF0FB751A}"
EndProject
Project("{FAE04EC0-301F-11D3-BF4B-00C04F79EFBC}") = "FitnessApp2.iOS", "FitnessApp2\FitnessApp2.iOS\FitnessApp2.iOS.csproj", "{0389950E-3D6B-4DA9-A5F7-66D92484932D}"
EndProject
Project("{FAE04EC0-301F-11D3-BF4B-00C04F79EFBC}") = "FitnessApp2.Tizen", "FitnessApp2\FitnessApp2.Tizen\FitnessApp2.Tizen.csproj", "{A80C49D8-92EF-4472-96D7-CA8DC89D7CD8}"
EndProject
Project("{FAE04EC0-301F-11D3-BF4B-00C04F79EFBC}") = "FitnessApp2.WebService", "FitnessApp2\FitnessApp2.WebService\FitnessApp2.WebService.csproj", "{6D69C409-8BFD-43AF-BB57-300EE3CB925C}"
EndProject
Project("{FAE04EC0-301F-11D3-BF4B-00C04F79EFBC}") = "FitnessApp2.WPF", "FitnessApp2\FitnessApp2.WPF\FitnessApp2.WPF.csproj", "{3A375DB0-9405-466A-8C6C-F65D189AF216}"
EndProject
Global
	GlobalSection(SolutionConfigurationPlatforms) = preSolution
		Ad-Hoc|Any CPU = Ad-Hoc|Any CPU
		Ad-Hoc|iPhone = Ad-Hoc|iPhone
		Ad-Hoc|iPhoneSimulator = Ad-Hoc|iPhoneSimulator
		AppStore|Any CPU = AppStore|Any CPU
		AppStore|iPhone = AppStore|iPhone
		AppStore|iPhoneSimulator = AppStore|iPhoneSimulator
		Debug|Any CPU = Debug|Any CPU
		Debug|iPhone = Debug|iPhone
		Debug|iPhoneSimulator = Debug|iPhoneSimulator
		Release|Any CPU = Release|Any CPU
		Release|iPhone = Release|iPhone
		Release|iPhoneSimulator = Release|iPhoneSimulator
	EndGlobalSection
	GlobalSection(ProjectConfigurationPlatforms) = postSolution
		{8B0E051D-CBAB-49D3-B876-9C5602AACECA}.Ad-Hoc|Any CPU.ActiveCfg = Debug|Any CPU
		{8B0E051D-CBAB-49D3-B876-9C5602AACECA}.Ad-Hoc|Any CPU.Build.0 = Debug|Any CPU
		{8B0E051D-CBAB-49D3-B876-9C5602AACECA}.Ad-Hoc|iPhone.ActiveCfg = Debug|Any CPU
		{8B0E051D-CBAB-49D3-B876-9C5602AACECA}.Ad-Hoc|iPhone.Build.0 = Debug|Any CPU
		{8B0E051D-CBAB-49D3-B876-9C5602AACECA}.Ad-Hoc|iPhoneSimulator.ActiveCfg = Debug|Any CPU
		{8B0E051D-CBAB-49D3-B876-9C5602AACECA}.Ad-Hoc|iPhoneSimulator.Build.0 = Debug|Any CPU
		{8B0E051D-CBAB-49D3-B876-9C5602AACECA}.AppStore|Any CPU.ActiveCfg = Debug|Any CPU
		{8B0E051D-CBAB-49D3-B876-9C5602AACECA}.AppStore|Any CPU.Build.0 = Debug|Any CPU
		{8B0E051D-CBAB-49D3-B876-9C5602AACECA}.AppStore|iPhone.ActiveCfg = Debug|Any CPU
		{8B0E051D-CBAB-49D3-B876-9C5602AACECA}.AppStore|iPhone.Build.0 = Debug|Any CPU
		{8B0E051D-CBAB-49D3-B876-9C5602AACECA}.AppStore|iPhoneSimulator.ActiveCfg = Debug|Any CPU
		{8B0E051D-CBAB-49D3-B876-9C5602AACECA}.AppStore|iPhoneSimulator.Build.0 = Debug|Any CPU
		{8B0E051D-CBAB-49D3-B876-9C5602AACECA}.Debug|Any CPU.ActiveCfg = Debug|Any CPU
		{8B0E051D-CBAB-49D3-B876-9C5602AACECA}.Debug|Any CPU.Build.0 = Debug|Any CPU
		{8B0E051D-CBAB-49D3-B876-9C5602AACECA}.Debug|iPhone.ActiveCfg = Debug|Any CPU
		{8B0E051D-CBAB-49D3-B876-9C5602AACECA}.Debug|iPhone.Build.0 = Debug|Any CPU
		{8B0E051D-CBAB-49D3-B876-9C5602AACECA}.Debug|iPhoneSimulator.ActiveCfg = Debug|Any CPU
		{8B0E051D-CBAB-49D3-B876-9C5602AACECA}.Debug|iPhoneSimulator.Build.0 = Debug|Any CPU
		{8B0E051D-CBAB-49D3-B876-9C5602AACECA}.Release|Any CPU.ActiveCfg = Release|Any CPU
		{8B0E051D-CBAB-49D3-B876-9C5602AACECA}.Release|Any CPU.Build.0 = Release|Any CPU
		{8B0E051D-CBAB-49D3-B876-9C5602AACECA}.Release|iPhone.ActiveCfg = Release|Any CPU
		{8B0E051D-CBAB-49D3-B876-9C5602AACECA}.Release|iPhone.Build.0 = Release|Any CPU
		{8B0E051D-CBAB-49D3-B876-9C5602AACECA}.Release|iPhoneSimulator.ActiveCfg = Release|Any CPU
		{8B0E051D-CBAB-49D3-B876-9C5602AACECA}.Release|iPhoneSimulator.Build.0 = Release|Any CPU
		{11815B2D-95A5-4BD7-AC7A-BF6AF0FB751A}.Ad-Hoc|Any CPU.ActiveCfg = Release|Any CPU
		{11815B2D-95A5-4BD7-AC7A-BF6AF0FB751A}.Ad-Hoc|Any CPU.Build.0 = Release|Any CPU
		{11815B2D-95A5-4BD7-AC7A-BF6AF0FB751A}.Ad-Hoc|Any CPU.Deploy.0 = Release|Any CPU
		{11815B2D-95A5-4BD7-AC7A-BF6AF0FB751A}.Ad-Hoc|iPhone.ActiveCfg = Release|Any CPU
		{11815B2D-95A5-4BD7-AC7A-BF6AF0FB751A}.Ad-Hoc|iPhone.Build.0 = Release|Any CPU
		{11815B2D-95A5-4BD7-AC7A-BF6AF0FB751A}.Ad-Hoc|iPhone.Deploy.0 = Release|Any CPU
		{11815B2D-95A5-4BD7-AC7A-BF6AF0FB751A}.Ad-Hoc|iPhoneSimulator.ActiveCfg = Release|Any CPU
		{11815B2D-95A5-4BD7-AC7A-BF6AF0FB751A}.Ad-Hoc|iPhoneSimulator.Build.0 = Release|Any CPU
		{11815B2D-95A5-4BD7-AC7A-BF6AF0FB751A}.Ad-Hoc|iPhoneSimulator.Deploy.0 = Release|Any CPU
		{11815B2D-95A5-4BD7-AC7A-BF6AF0FB751A}.AppStore|Any CPU.ActiveCfg = Release|Any CPU
		{11815B2D-95A5-4BD7-AC7A-BF6AF0FB751A}.AppStore|Any CPU.Build.0 = Release|Any CPU
		{11815B2D-95A5-4BD7-AC7A-BF6AF0FB751A}.AppStore|Any CPU.Deploy.0 = Release|Any CPU
		{11815B2D-95A5-4BD7-AC7A-BF6AF0FB751A}.AppStore|iPhone.ActiveCfg = Release|Any CPU
		{11815B2D-95A5-4BD7-AC7A-BF6AF0FB751A}.AppStore|iPhone.Build.0 = Release|Any CPU
		{11815B2D-95A5-4BD7-AC7A-BF6AF0FB751A}.AppStore|iPhone.Deploy.0 = Release|Any CPU
		{11815B2D-95A5-4BD7-AC7A-BF6AF0FB751A}.AppStore|iPhoneSimulator.ActiveCfg = Release|Any CPU
		{11815B2D-95A5-4BD7-AC7A-BF6AF0FB751A}.AppStore|iPhoneSimulator.Build.0 = Release|Any CPU
		{11815B2D-95A5-4BD7-AC7A-BF6AF0FB751A}.AppStore|iPhoneSimulator.Deploy.0 = Release|Any CPU
		{11815B2D-95A5-4BD7-AC7A-BF6AF0FB751A}.Debug|Any CPU.ActiveCfg = Debug|Any CPU
		{11815B2D-95A5-4BD7-AC7A-BF6AF0FB751A}.Debug|Any CPU.Build.0 = Debug|Any CPU
		{11815B2D-95A5-4BD7-AC7A-BF6AF0FB751A}.Debug|Any CPU.Deploy.0 = Debug|Any CPU
		{11815B2D-95A5-4BD7-AC7A-BF6AF0FB751A}.Debug|iPhone.ActiveCfg = Debug|Any CPU
		{11815B2D-95A5-4BD7-AC7A-BF6AF0FB751A}.Debug|iPhone.Build.0 = Debug|Any CPU
		{11815B2D-95A5-4BD7-AC7A-BF6AF0FB751A}.Debug|iPhone.Deploy.0 = Debug|Any CPU
		{11815B2D-95A5-4BD7-AC7A-BF6AF0FB751A}.Debug|iPhoneSimulator.ActiveCfg = Debug|Any CPU
		{11815B2D-95A5-4BD7-AC7A-BF6AF0FB751A}.Debug|iPhoneSimulator.Build.0 = Debug|Any CPU
		{11815B2D-95A5-4BD7-AC7A-BF6AF0FB751A}.Debug|iPhoneSimulator.Deploy.0 = Debug|Any CPU
		{11815B2D-95A5-4BD7-AC7A-BF6AF0FB751A}.Release|Any CPU.ActiveCfg = Release|Any CPU
		{11815B2D-95A5-4BD7-AC7A-BF6AF0FB751A}.Release|Any CPU.Build.0 = Release|Any CPU
		{11815B2D-95A5-4BD7-AC7A-BF6AF0FB751A}.Release|Any CPU.Deploy.0 = Release|Any CPU
		{11815B2D-95A5-4BD7-AC7A-BF6AF0FB751A}.Release|iPhone.ActiveCfg = Release|Any CPU
		{11815B2D-95A5-4BD7-AC7A-BF6AF0FB751A}.Release|iPhone.Build.0 = Release|Any CPU
		{11815B2D-95A5-4BD7-AC7A-BF6AF0FB751A}.Release|iPhone.Deploy.0 = Release|Any CPU
		{11815B2D-95A5-4BD7-AC7A-BF6AF0FB751A}.Release|iPhoneSimulator.ActiveCfg = Release|Any CPU
		{11815B2D-95A5-4BD7-AC7A-BF6AF0FB751A}.Release|iPhoneSimulator.Build.0 = Release|Any CPU
		{11815B2D-95A5-4BD7-AC7A-BF6AF0FB751A}.Release|iPhoneSimulator.Deploy.0 = Release|Any CPU
		{0389950E-3D6B-4DA9-A5F7-66D92484932D}.Ad-Hoc|Any CPU.ActiveCfg = Ad-Hoc|iPhone
		{0389950E-3D6B-4DA9-A5F7-66D92484932D}.Ad-Hoc|iPhone.ActiveCfg = Ad-Hoc|iPhone
		{0389950E-3D6B-4DA9-A5F7-66D92484932D}.Ad-Hoc|iPhone.Build.0 = Ad-Hoc|iPhone
		{0389950E-3D6B-4DA9-A5F7-66D92484932D}.Ad-Hoc|iPhoneSimulator.ActiveCfg = Ad-Hoc|iPhoneSimulator
		{0389950E-3D6B-4DA9-A5F7-66D92484932D}.Ad-Hoc|iPhoneSimulator.Build.0 = Ad-Hoc|iPhoneSimulator
		{0389950E-3D6B-4DA9-A5F7-66D92484932D}.AppStore|Any CPU.ActiveCfg = AppStore|iPhone
		{0389950E-3D6B-4DA9-A5F7-66D92484932D}.AppStore|iPhone.ActiveCfg = AppStore|iPhone
		{0389950E-3D6B-4DA9-A5F7-66D92484932D}.AppStore|iPhone.Build.0 = AppStore|iPhone
		{0389950E-3D6B-4DA9-A5F7-66D92484932D}.AppStore|iPhoneSimulator.ActiveCfg = AppStore|iPhoneSimulator
		{0389950E-3D6B-4DA9-A5F7-66D92484932D}.AppStore|iPhoneSimulator.Build.0 = AppStore|iPhoneSimulator
		{0389950E-3D6B-4DA9-A5F7-66D92484932D}.Debug|Any CPU.ActiveCfg = Debug|iPhone
		{0389950E-3D6B-4DA9-A5F7-66D92484932D}.Debug|iPhone.ActiveCfg = Debug|iPhone
		{0389950E-3D6B-4DA9-A5F7-66D92484932D}.Debug|iPhone.Build.0 = Debug|iPhone
		{0389950E-3D6B-4DA9-A5F7-66D92484932D}.Debug|iPhoneSimulator.ActiveCfg = Debug|iPhoneSimulator
		{0389950E-3D6B-4DA9-A5F7-66D92484932D}.Debug|iPhoneSimulator.Build.0 = Debug|iPhoneSimulator
		{0389950E-3D6B-4DA9-A5F7-66D92484932D}.Release|Any CPU.ActiveCfg = Release|iPhone
		{0389950E-3D6B-4DA9-A5F7-66D92484932D}.Release|iPhone.ActiveCfg = Release|iPhone
		{0389950E-3D6B-4DA9-A5F7-66D92484932D}.Release|iPhone.Build.0 = Release|iPhone
		{0389950E-3D6B-4DA9-A5F7-66D92484932D}.Release|iPhoneSimulator.ActiveCfg = Release|iPhoneSimulator
		{0389950E-3D6B-4DA9-A5F7-66D92484932D}.Release|iPhoneSimulator.Build.0 = Release|iPhoneSimulator
		{A80C49D8-92EF-4472-96D7-CA8DC89D7CD8}.Ad-Hoc|Any CPU.ActiveCfg = Debug|Any CPU
		{A80C49D8-92EF-4472-96D7-CA8DC89D7CD8}.Ad-Hoc|Any CPU.Build.0 = Debug|Any CPU
		{A80C49D8-92EF-4472-96D7-CA8DC89D7CD8}.Ad-Hoc|iPhone.ActiveCfg = Debug|Any CPU
		{A80C49D8-92EF-4472-96D7-CA8DC89D7CD8}.Ad-Hoc|iPhone.Build.0 = Debug|Any CPU
		{A80C49D8-92EF-4472-96D7-CA8DC89D7CD8}.Ad-Hoc|iPhoneSimulator.ActiveCfg = Debug|Any CPU
		{A80C49D8-92EF-4472-96D7-CA8DC89D7CD8}.Ad-Hoc|iPhoneSimulator.Build.0 = Debug|Any CPU
		{A80C49D8-92EF-4472-96D7-CA8DC89D7CD8}.AppStore|Any CPU.ActiveCfg = Debug|Any CPU
		{A80C49D8-92EF-4472-96D7-CA8DC89D7CD8}.AppStore|Any CPU.Build.0 = Debug|Any CPU
		{A80C49D8-92EF-4472-96D7-CA8DC89D7CD8}.AppStore|iPhone.ActiveCfg = Debug|Any CPU
		{A80C49D8-92EF-4472-96D7-CA8DC89D7CD8}.AppStore|iPhone.Build.0 = Debug|Any CPU
		{A80C49D8-92EF-4472-96D7-CA8DC89D7CD8}.AppStore|iPhoneSimulator.ActiveCfg = Debug|Any CPU
		{A80C49D8-92EF-4472-96D7-CA8DC89D7CD8}.AppStore|iPhoneSimulator.Build.0 = Debug|Any CPU
		{A80C49D8-92EF-4472-96D7-CA8DC89D7CD8}.Debug|Any CPU.ActiveCfg = Debug|Any CPU
		{A80C49D8-92EF-4472-96D7-CA8DC89D7CD8}.Debug|Any CPU.Build.0 = Debug|Any CPU
		{A80C49D8-92EF-4472-96D7-CA8DC89D7CD8}.Debug|iPhone.ActiveCfg = Debug|Any CPU
		{A80C49D8-92EF-4472-96D7-CA8DC89D7CD8}.Debug|iPhone.Build.0 = Debug|Any CPU
		{A80C49D8-92EF-4472-96D7-CA8DC89D7CD8}.Debug|iPhoneSimulator.ActiveCfg = Debug|Any CPU
		{A80C49D8-92EF-4472-96D7-CA8DC89D7CD8}.Debug|iPhoneSimulator.Build.0 = Debug|Any CPU
		{A80C49D8-92EF-4472-96D7-CA8DC89D7CD8}.Release|Any CPU.ActiveCfg = Release|Any CPU
		{A80C49D8-92EF-4472-96D7-CA8DC89D7CD8}.Release|Any CPU.Build.0 = Release|Any CPU
		{A80C49D8-92EF-4472-96D7-CA8DC89D7CD8}.Release|iPhone.ActiveCfg = Release|Any CPU
		{A80C49D8-92EF-4472-96D7-CA8DC89D7CD8}.Release|iPhone.Build.0 = Release|Any CPU
		{A80C49D8-92EF-4472-96D7-CA8DC89D7CD8}.Release|iPhoneSimulator.ActiveCfg = Release|Any CPU
		{A80C49D8-92EF-4472-96D7-CA8DC89D7CD8}.Release|iPhoneSimulator.Build.0 = Release|Any CPU
		{6D69C409-8BFD-43AF-BB57-300EE3CB925C}.Ad-Hoc|Any CPU.ActiveCfg = Debug|Any CPU
		{6D69C409-8BFD-43AF-BB57-300EE3CB925C}.Ad-Hoc|Any CPU.Build.0 = Debug|Any CPU
		{6D69C409-8BFD-43AF-BB57-300EE3CB925C}.Ad-Hoc|iPhone.ActiveCfg = Debug|Any CPU
		{6D69C409-8BFD-43AF-BB57-300EE3CB925C}.Ad-Hoc|iPhone.Build.0 = Debug|Any CPU
		{6D69C409-8BFD-43AF-BB57-300EE3CB925C}.Ad-Hoc|iPhoneSimulator.ActiveCfg = Debug|Any CPU
		{6D69C409-8BFD-43AF-BB57-300EE3CB925C}.Ad-Hoc|iPhoneSimulator.Build.0 = Debug|Any CPU
		{6D69C409-8BFD-43AF-BB57-300EE3CB925C}.AppStore|Any CPU.ActiveCfg = Debug|Any CPU
		{6D69C409-8BFD-43AF-BB57-300EE3CB925C}.AppStore|Any CPU.Build.0 = Debug|Any CPU
		{6D69C409-8BFD-43AF-BB57-300EE3CB925C}.AppStore|iPhone.ActiveCfg = Debug|Any CPU
		{6D69C409-8BFD-43AF-BB57-300EE3CB925C}.AppStore|iPhone.Build.0 = Debug|Any CPU
		{6D69C409-8BFD-43AF-BB57-300EE3CB925C}.AppStore|iPhoneSimulator.ActiveCfg = Debug|Any CPU
		{6D69C409-8BFD-43AF-BB57-300EE3CB925C}.AppStore|iPhoneSimulator.Build.0 = Debug|Any CPU
		{6D69C409-8BFD-43AF-BB57-300EE3CB925C}.Debug|Any CPU.ActiveCfg = Debug|Any CPU
		{6D69C409-8BFD-43AF-BB57-300EE3CB925C}.Debug|Any CPU.Build.0 = Debug|Any CPU
		{6D69C409-8BFD-43AF-BB57-300EE3CB925C}.Debug|iPhone.ActiveCfg = Debug|Any CPU
		{6D69C409-8BFD-43AF-BB57-300EE3CB925C}.Debug|iPhone.Build.0 = Debug|Any CPU
		{6D69C409-8BFD-43AF-BB57-300EE3CB925C}.Debug|iPhoneSimulator.ActiveCfg = Debug|Any CPU
		{6D69C409-8BFD-43AF-BB57-300EE3CB925C}.Debug|iPhoneSimulator.Build.0 = Debug|Any CPU
		{6D69C409-8BFD-43AF-BB57-300EE3CB925C}.Release|Any CPU.ActiveCfg = Release|Any CPU
		{6D69C409-8BFD-43AF-BB57-300EE3CB925C}.Release|Any CPU.Build.0 = Release|Any CPU
		{6D69C409-8BFD-43AF-BB57-300EE3CB925C}.Release|iPhone.ActiveCfg = Release|Any CPU
		{6D69C409-8BFD-43AF-BB57-300EE3CB925C}.Release|iPhone.Build.0 = Release|Any CPU
		{6D69C409-8BFD-43AF-BB57-300EE3CB925C}.Release|iPhoneSimulator.ActiveCfg = Release|Any CPU
		{6D69C409-8BFD-43AF-BB57-300EE3CB925C}.Release|iPhoneSimulator.Build.0 = Release|Any CPU
		{3A375DB0-9405-466A-8C6C-F65D189AF216}.Ad-Hoc|Any CPU.ActiveCfg = Release|Any CPU
		{3A375DB0-9405-466A-8C6C-F65D189AF216}.Ad-Hoc|Any CPU.Build.0 = Release|Any CPU
		{3A375DB0-9405-466A-8C6C-F65D189AF216}.Ad-Hoc|iPhone.ActiveCfg = Release|Any CPU
		{3A375DB0-9405-466A-8C6C-F65D189AF216}.Ad-Hoc|iPhone.Build.0 = Release|Any CPU
		{3A375DB0-9405-466A-8C6C-F65D189AF216}.Ad-Hoc|iPhoneSimulator.ActiveCfg = Release|Any CPU
		{3A375DB0-9405-466A-8C6C-F65D189AF216}.Ad-Hoc|iPhoneSimulator.Build.0 = Release|Any CPU
		{3A375DB0-9405-466A-8C6C-F65D189AF216}.AppStore|Any CPU.ActiveCfg = Release|Any CPU
		{3A375DB0-9405-466A-8C6C-F65D189AF216}.AppStore|Any CPU.Build.0 = Release|Any CPU
		{3A375DB0-9405-466A-8C6C-F65D189AF216}.AppStore|iPhone.ActiveCfg = Release|Any CPU
		{3A375DB0-9405-466A-8C6C-F65D189AF216}.AppStore|iPhone.Build.0 = Release|Any CPU
		{3A375DB0-9405-466A-8C6C-F65D189AF216}.AppStore|iPhoneSimulator.ActiveCfg = Release|Any CPU
		{3A375DB0-9405-466A-8C6C-F65D189AF216}.AppStore|iPhoneSimulator.Build.0 = Release|Any CPU
		{3A375DB0-9405-466A-8C6C-F65D189AF216}.Debug|Any CPU.ActiveCfg = Debug|Any CPU
		{3A375DB0-9405-466A-8C6C-F65D189AF216}.Debug|Any CPU.Build.0 = Debug|Any CPU
		{3A375DB0-9405-466A-8C6C-F65D189AF216}.Debug|iPhone.ActiveCfg = Debug|Any CPU
		{3A375DB0-9405-466A-8C6C-F65D189AF216}.Debug|iPhone.Build.0 = Debug|Any CPU
		{3A375DB0-9405-466A-8C6C-F65D189AF216}.Debug|iPhoneSimulator.ActiveCfg = Debug|Any CPU
		{3A375DB0-9405-466A-8C6C-F65D189AF216}.Debug|iPhoneSimulator.Build.0 = Debug|Any CPU
		{3A375DB0-9405-466A-8C6C-F65D189AF216}.Release|Any CPU.ActiveCfg = Release|Any CPU
		{3A375DB0-9405-466A-8C6C-F65D189AF216}.Release|Any CPU.Build.0 = Release|Any CPU
		{3A375DB0-9405-466A-8C6C-F65D189AF216}.Release|iPhone.ActiveCfg = Release|Any CPU
		{3A375DB0-9405-466A-8C6C-F65D189AF216}.Release|iPhone.Build.0 = Release|Any CPU
		{3A375DB0-9405-466A-8C6C-F65D189AF216}.Release|iPhoneSimulator.ActiveCfg = Release|Any CPU
		{3A375DB0-9405-466A-8C6C-F65D189AF216}.Release|iPhoneSimulator.Build.0 = Release|Any CPU
	EndGlobalSection
	GlobalSection(SolutionProperties) = preSolution
		HideSolutionNode = FALSE
	EndGlobalSection
	GlobalSection(ExtensibilityGlobals) = postSolution
		SolutionGuid = {62A1D945-EA61-45BB-83D2-A868C8382073}
	EndGlobalSection
EndGlobal
