
Microsoft Visual Studio Solution File, Format Version 12.00
# Visual Studio 15
VisualStudioVersion = 15.0.27703.2042
MinimumVisualStudioVersion = 10.0.40219.1
Project("{FAE04EC0-301F-11D3-BF4B-00C04F79EFBC}") = "lecture_24", "lecture_24\lecture_24.csproj", "{EAD9014E-E04E-4BEC-9EB7-9AAA8F66FA9A}"
EndProject
Global
	GlobalSection(SolutionConfigurationPlatforms) = preSolution
		Debug|Any CPU = Debug|Any CPU
		Release|Any CPU = Release|Any CPU
	EndGlobalSection
	GlobalSection(ProjectConfigurationPlatforms) = postSolution
		{EAD9014E-E04E-4BEC-9EB7-9AAA8F66FA9A}.Debug|Any CPU.ActiveCfg = Debug|Any CPU
		{EAD9014E-E04E-4BEC-9EB7-9AAA8F66FA9A}.Debug|Any CPU.Build.0 = Debug|Any CPU
		{EAD9014E-E04E-4BEC-9EB7-9AAA8F66FA9A}.Release|Any CPU.ActiveCfg = Release|Any CPU
		{EAD9014E-E04E-4BEC-9EB7-9AAA8F66FA9A}.Release|Any CPU.Build.0 = Release|Any CPU
	EndGlobalSection
	GlobalSection(SolutionProperties) = preSolution
		HideSolutionNode = FALSE
	EndGlobalSection
	GlobalSection(ExtensibilityGlobals) = postSolution
		SolutionGuid = {5ABC68D1-2031-4498-A3DB-AC570A3578DF}
	EndGlobalSection
EndGlobal
