
Microsoft Visual Studio Solution File, Format Version 12.00
# Visual Studio 15
VisualStudioVersion = 15.0.27703.2042
MinimumVisualStudioVersion = 10.0.40219.1
Project("{FAE04EC0-301F-11D3-BF4B-00C04F79EFBC}") = "ConsoleApp1", "ConsoleApp1\ConsoleApp1.csproj", "{BEC76441-1334-4313-AF1B-1644099005B4}"
EndProject
Global
	GlobalSection(SolutionConfigurationPlatforms) = preSolution
		Debug|Any CPU = Debug|Any CPU
		Release|Any CPU = Release|Any CPU
	EndGlobalSection
	GlobalSection(ProjectConfigurationPlatforms) = postSolution
		{BEC76441-1334-4313-AF1B-1644099005B4}.Debug|Any CPU.ActiveCfg = Debug|Any CPU
		{BEC76441-1334-4313-AF1B-1644099005B4}.Debug|Any CPU.Build.0 = Debug|Any CPU
		{BEC76441-1334-4313-AF1B-1644099005B4}.Release|Any CPU.ActiveCfg = Release|Any CPU
		{BEC76441-1334-4313-AF1B-1644099005B4}.Release|Any CPU.Build.0 = Release|Any CPU
	EndGlobalSection
	GlobalSection(SolutionProperties) = preSolution
		HideSolutionNode = FALSE
	EndGlobalSection
	GlobalSection(ExtensibilityGlobals) = postSolution
		SolutionGuid = {2D2FE60C-AA01-44D4-800D-BDE3EE2528AF}
	EndGlobalSection
EndGlobal
