
Microsoft Visual Studio Solution File, Format Version 12.00
# Visual Studio 15
VisualStudioVersion = 15.0.27703.2042
MinimumVisualStudioVersion = 10.0.40219.1
Project("{FAE04EC0-301F-11D3-BF4B-00C04F79EFBC}") = "lesson10", "lesson10\lesson10.csproj", "{0FE9DE2F-544D-4C7F-A61C-F31B194FEF00}"
EndProject
Global
	GlobalSection(SolutionConfigurationPlatforms) = preSolution
		Debug|Any CPU = Debug|Any CPU
		Release|Any CPU = Release|Any CPU
	EndGlobalSection
	GlobalSection(ProjectConfigurationPlatforms) = postSolution
		{0FE9DE2F-544D-4C7F-A61C-F31B194FEF00}.Debug|Any CPU.ActiveCfg = Debug|Any CPU
		{0FE9DE2F-544D-4C7F-A61C-F31B194FEF00}.Debug|Any CPU.Build.0 = Debug|Any CPU
		{0FE9DE2F-544D-4C7F-A61C-F31B194FEF00}.Release|Any CPU.ActiveCfg = Release|Any CPU
		{0FE9DE2F-544D-4C7F-A61C-F31B194FEF00}.Release|Any CPU.Build.0 = Release|Any CPU
	EndGlobalSection
	GlobalSection(SolutionProperties) = preSolution
		HideSolutionNode = FALSE
	EndGlobalSection
	GlobalSection(ExtensibilityGlobals) = postSolution
		SolutionGuid = {2DB3B43D-2770-45C7-8263-0C1118A130FF}
	EndGlobalSection
EndGlobal
