
Microsoft Visual Studio Solution File, Format Version 12.00
# Visual Studio 15
VisualStudioVersion = 15.0.27703.2042
MinimumVisualStudioVersion = 10.0.40219.1
Project("{FAE04EC0-301F-11D3-BF4B-00C04F79EFBC}") = "WindowsFormsApp13", "WindowsFormsApp13\WindowsFormsApp13.csproj", "{845D757A-629D-42B1-9E7E-FE6902464E3A}"
EndProject
Global
	GlobalSection(SolutionConfigurationPlatforms) = preSolution
		Debug|Any CPU = Debug|Any CPU
		Release|Any CPU = Release|Any CPU
	EndGlobalSection
	GlobalSection(ProjectConfigurationPlatforms) = postSolution
		{845D757A-629D-42B1-9E7E-FE6902464E3A}.Debug|Any CPU.ActiveCfg = Debug|Any CPU
		{845D757A-629D-42B1-9E7E-FE6902464E3A}.Debug|Any CPU.Build.0 = Debug|Any CPU
		{845D757A-629D-42B1-9E7E-FE6902464E3A}.Release|Any CPU.ActiveCfg = Release|Any CPU
		{845D757A-629D-42B1-9E7E-FE6902464E3A}.Release|Any CPU.Build.0 = Release|Any CPU
	EndGlobalSection
	GlobalSection(SolutionProperties) = preSolution
		HideSolutionNode = FALSE
	EndGlobalSection
	GlobalSection(ExtensibilityGlobals) = postSolution
		SolutionGuid = {4AC84994-76FA-4C49-82FE-5FCCB03C5B81}
	EndGlobalSection
EndGlobal
